
Microsoft Visual Studio Solution File, Format Version 12.00
# Visual Studio 15
VisualStudioVersion = 15.0.28107.0
MinimumVisualStudioVersion = 10.0.40219.1
Project("{888888A0-9F3D-457C-B088-3A5042F75D52}") = "hw1", "hw1\source\hw1.pyproj", "{8321CD65-2C84-4D40-98E0-45C180EA8615}"
EndProject
Project("{888888A0-9F3D-457C-B088-3A5042F75D52}") = "hw2", "hw2\source\hw2.pyproj", "{C54372A8-0A96-4084-82C1-D8BF8C556B68}"
EndProject
Project("{888888A0-9F3D-457C-B088-3A5042F75D52}") = "hw3", "hw3\source\hw3.pyproj", "{6CCB17A8-50C2-4866-AC99-FB2F41B880BB}"
EndProject
Project("{888888A0-9F3D-457C-B088-3A5042F75D52}") = "hw4", "hw4 - PCKY\source\hw4.pyproj", "{E1571F2F-8661-453F-9784-090CD43A92AA}"
EndProject
Project("{888888A0-9F3D-457C-B088-3A5042F75D52}") = "hw5", "hw5 - Feature-Based Grammars\source\hw5.pyproj", "{7CF5ACAB-F116-4A6D-AEDB-CB5BCF85EC02}"
EndProject
Project("{888888A0-9F3D-457C-B088-3A5042F75D52}") = "hw4_ec", "hw4 - OOV (Extra-Credit)\source\hw4_ec.pyproj", "{D87BD01C-F1A3-4477-9657-FC077FB026D3}"
EndProject
Global
	GlobalSection(SolutionConfigurationPlatforms) = preSolution
		Debug|Any CPU = Debug|Any CPU
		Release|Any CPU = Release|Any CPU
	EndGlobalSection
	GlobalSection(ProjectConfigurationPlatforms) = postSolution
		{8321CD65-2C84-4D40-98E0-45C180EA8615}.Debug|Any CPU.ActiveCfg = Debug|Any CPU
		{8321CD65-2C84-4D40-98E0-45C180EA8615}.Release|Any CPU.ActiveCfg = Release|Any CPU
		{C54372A8-0A96-4084-82C1-D8BF8C556B68}.Debug|Any CPU.ActiveCfg = Debug|Any CPU
		{C54372A8-0A96-4084-82C1-D8BF8C556B68}.Release|Any CPU.ActiveCfg = Release|Any CPU
		{6CCB17A8-50C2-4866-AC99-FB2F41B880BB}.Debug|Any CPU.ActiveCfg = Debug|Any CPU
		{6CCB17A8-50C2-4866-AC99-FB2F41B880BB}.Release|Any CPU.ActiveCfg = Release|Any CPU
		{E1571F2F-8661-453F-9784-090CD43A92AA}.Debug|Any CPU.ActiveCfg = Debug|Any CPU
		{E1571F2F-8661-453F-9784-090CD43A92AA}.Release|Any CPU.ActiveCfg = Release|Any CPU
		{7CF5ACAB-F116-4A6D-AEDB-CB5BCF85EC02}.Debug|Any CPU.ActiveCfg = Debug|Any CPU
		{7CF5ACAB-F116-4A6D-AEDB-CB5BCF85EC02}.Release|Any CPU.ActiveCfg = Release|Any CPU
		{D87BD01C-F1A3-4477-9657-FC077FB026D3}.Debug|Any CPU.ActiveCfg = Debug|Any CPU
		{D87BD01C-F1A3-4477-9657-FC077FB026D3}.Release|Any CPU.ActiveCfg = Release|Any CPU
	EndGlobalSection
	GlobalSection(SolutionProperties) = preSolution
		HideSolutionNode = FALSE
	EndGlobalSection
	GlobalSection(ExtensibilityGlobals) = postSolution
		SolutionGuid = {9FC9E5CD-8843-4134-948F-510C74BF2D8E}
	EndGlobalSection
EndGlobal
